
Microsoft Visual Studio Solution File, Format Version 12.00
# Visual Studio 15
VisualStudioVersion = 15.0.27130.2024
MinimumVisualStudioVersion = 10.0.40219.1
Project("{FAE04EC0-301F-11D3-BF4B-00C04F79EFBC}") = "RManager", "RManager\RManager.csproj", "{78584453-D410-4F7C-AB60-03DBE116D136}"
EndProject
Global
	GlobalSection(SolutionConfigurationPlatforms) = preSolution
		Debug|Any CPU = Debug|Any CPU
		Release|Any CPU = Release|Any CPU
	EndGlobalSection
	GlobalSection(ProjectConfigurationPlatforms) = postSolution
		{78584453-D410-4F7C-AB60-03DBE116D136}.Debug|Any CPU.ActiveCfg = Debug|Any CPU
		{78584453-D410-4F7C-AB60-03DBE116D136}.Debug|Any CPU.Build.0 = Debug|Any CPU
		{78584453-D410-4F7C-AB60-03DBE116D136}.Release|Any CPU.ActiveCfg = Release|Any CPU
		{78584453-D410-4F7C-AB60-03DBE116D136}.Release|Any CPU.Build.0 = Release|Any CPU
	EndGlobalSection
	GlobalSection(SolutionProperties) = preSolution
		HideSolutionNode = FALSE
	EndGlobalSection
	GlobalSection(ExtensibilityGlobals) = postSolution
		SolutionGuid = {60B7E9A2-BEBE-490A-B871-73E2580842AD}
	EndGlobalSection
EndGlobal
